
Microsoft Visual Studio Solution File, Format Version 12.00
# Visual Studio Version 17
VisualStudioVersion = 17.4.33213.308
MinimumVisualStudioVersion = 10.0.40219.1
Project("{FAE04EC0-301F-11D3-BF4B-00C04F79EFBC}") = "Prog_POE", "Prog_POE\Prog_POE.csproj", "{8D799A97-B66C-46B7-B898-B05C0128EC77}"
EndProject
Global
	GlobalSection(SolutionConfigurationPlatforms) = preSolution
		Debug|Any CPU = Debug|Any CPU
		Release|Any CPU = Release|Any CPU
	EndGlobalSection
	GlobalSection(ProjectConfigurationPlatforms) = postSolution
		{8D799A97-B66C-46B7-B898-B05C0128EC77}.Debug|Any CPU.ActiveCfg = Debug|Any CPU
		{8D799A97-B66C-46B7-B898-B05C0128EC77}.Debug|Any CPU.Build.0 = Debug|Any CPU
		{8D799A97-B66C-46B7-B898-B05C0128EC77}.Release|Any CPU.ActiveCfg = Release|Any CPU
		{8D799A97-B66C-46B7-B898-B05C0128EC77}.Release|Any CPU.Build.0 = Release|Any CPU
	EndGlobalSection
	GlobalSection(SolutionProperties) = preSolution
		HideSolutionNode = FALSE
	EndGlobalSection
	GlobalSection(ExtensibilityGlobals) = postSolution
		SolutionGuid = {085374C7-E3B7-4C21-AA23-BED4A2DCEF46}
	EndGlobalSection
EndGlobal
